
Microsoft Visual Studio Solution File, Format Version 11.00
# Visual Studio 2010
Project("{FAE04EC0-301F-11D3-BF4B-00C04F79EFBC}") = "PGtk", "PGtk\PGtk.csproj", "{E36C0E8B-EC64-4B2A-930E-7B61D0B690AB}"
EndProject
Global
	GlobalSection(SolutionConfigurationPlatforms) = preSolution
		Debug|x86 = Debug|x86
		Release|x86 = Release|x86
	EndGlobalSection
	GlobalSection(ProjectConfigurationPlatforms) = postSolution
		{E36C0E8B-EC64-4B2A-930E-7B61D0B690AB}.Debug|x86.ActiveCfg = Debug|x86
		{E36C0E8B-EC64-4B2A-930E-7B61D0B690AB}.Debug|x86.Build.0 = Debug|x86
		{E36C0E8B-EC64-4B2A-930E-7B61D0B690AB}.Release|x86.ActiveCfg = Release|x86
		{E36C0E8B-EC64-4B2A-930E-7B61D0B690AB}.Release|x86.Build.0 = Release|x86
	EndGlobalSection
	GlobalSection(MonoDevelopProperties) = preSolution
		StartupItem = PGtk\PGtk.csproj
	EndGlobalSection
EndGlobal
